
Microsoft Visual Studio Solution File, Format Version 12.00
# Visual Studio Version 17
VisualStudioVersion = 17.4.33122.133
MinimumVisualStudioVersion = 10.0.40219.1
Project("{FAE04EC0-301F-11D3-BF4B-00C04F79EFBC}") = "TurtleClicker", "TurtleClicker\TurtleClicker.csproj", "{80E373AA-21DF-4393-A8DA-B280203D79D4}"
EndProject
Global
	GlobalSection(SolutionConfigurationPlatforms) = preSolution
		Debug|Any CPU = Debug|Any CPU
		Release|Any CPU = Release|Any CPU
	EndGlobalSection
	GlobalSection(ProjectConfigurationPlatforms) = postSolution
		{80E373AA-21DF-4393-A8DA-B280203D79D4}.Debug|Any CPU.ActiveCfg = Debug|Any CPU
		{80E373AA-21DF-4393-A8DA-B280203D79D4}.Debug|Any CPU.Build.0 = Debug|Any CPU
		{80E373AA-21DF-4393-A8DA-B280203D79D4}.Release|Any CPU.ActiveCfg = Release|Any CPU
		{80E373AA-21DF-4393-A8DA-B280203D79D4}.Release|Any CPU.Build.0 = Release|Any CPU
	EndGlobalSection
	GlobalSection(SolutionProperties) = preSolution
		HideSolutionNode = FALSE
	EndGlobalSection
	GlobalSection(ExtensibilityGlobals) = postSolution
		SolutionGuid = {917DD6CB-84A6-4786-B380-6E0386218A18}
	EndGlobalSection
EndGlobal
